
Microsoft Visual Studio Solution File, Format Version 12.00
# Visual Studio 15
VisualStudioVersion = 15.0.27130.2010
MinimumVisualStudioVersion = 10.0.40219.1
Project("{FAE04EC0-301F-11D3-BF4B-00C04F79EFBC}") = "MathLibrary", "MathLibrary\MathLibrary.csproj", "{75A28571-9B21-4828-8FFA-ED909AEA185D}"
EndProject
Project("{FAE04EC0-301F-11D3-BF4B-00C04F79EFBC}") = "MathLibrary.Tests", "MathLibrary.Tests\MathLibrary.Tests.csproj", "{488EF718-84F2-43D3-AC03-94F860126D0F}"
EndProject
Global
	GlobalSection(SolutionConfigurationPlatforms) = preSolution
		Debug|Any CPU = Debug|Any CPU
		Release|Any CPU = Release|Any CPU
	EndGlobalSection
	GlobalSection(ProjectConfigurationPlatforms) = postSolution
		{75A28571-9B21-4828-8FFA-ED909AEA185D}.Debug|Any CPU.ActiveCfg = Debug|Any CPU
		{75A28571-9B21-4828-8FFA-ED909AEA185D}.Debug|Any CPU.Build.0 = Debug|Any CPU
		{75A28571-9B21-4828-8FFA-ED909AEA185D}.Release|Any CPU.ActiveCfg = Release|Any CPU
		{75A28571-9B21-4828-8FFA-ED909AEA185D}.Release|Any CPU.Build.0 = Release|Any CPU
		{488EF718-84F2-43D3-AC03-94F860126D0F}.Debug|Any CPU.ActiveCfg = Debug|Any CPU
		{488EF718-84F2-43D3-AC03-94F860126D0F}.Debug|Any CPU.Build.0 = Debug|Any CPU
		{488EF718-84F2-43D3-AC03-94F860126D0F}.Release|Any CPU.ActiveCfg = Release|Any CPU
		{488EF718-84F2-43D3-AC03-94F860126D0F}.Release|Any CPU.Build.0 = Release|Any CPU
	EndGlobalSection
	GlobalSection(SolutionProperties) = preSolution
		HideSolutionNode = FALSE
	EndGlobalSection
	GlobalSection(ExtensibilityGlobals) = postSolution
		SolutionGuid = {A7C14C50-706D-4811-A2FA-BFA438DF683A}
	EndGlobalSection
EndGlobal
